{
  "name": "calendar-mind-trick",
  "version": "0.0.1",
  "lockfileVersion": 1,
  "requires": true,
  "dependencies": {
    "@stencil/core": {
      "version": "1.4.0",
      "resolved": "https://registry.npmjs.org/@stencil/core/-/core-1.4.0.tgz",
      "integrity": "sha512-/iI87p7XsqE3U96ykx4SSY/btv9jZguI3JkG8RaTNlQipPUmPb0JmLei8sgijTUD/fY5TFuE3L1o8hwLI0rW3A==",
      "dev": true,
      "requires": {
        "typescript": "3.6.2"
      }
    },
    "@stencil/sass": {
      "version": "1.0.1",
      "resolved": "https://registry.npmjs.org/@stencil/sass/-/sass-1.0.1.tgz",
      "integrity": "sha512-3vmF8zir9FcVY/tYW0/V/pWrYSU684eASmALL2v29PGJvX6/CXh9n8LF7Jy95SpJPij3lisIUXLls7edXy2hYg==",
      "dev": true
    },
    "@types/jest": {
      "version": "24.0.18",
      "resolved": "https://registry.npmjs.org/@types/jest/-/jest-24.0.18.tgz",
      "integrity": "sha512-jcDDXdjTcrQzdN06+TSVsPPqxvsZA/5QkYfIZlq1JMw7FdP5AZylbOc+6B/cuDurctRe+MziUMtQ3xQdrbjqyQ==",
      "requires": {
        "@types/jest-diff": "*"
      }
    },
    "@types/jest-diff": {
      "version": "20.0.1",
      "resolved": "https://registry.npmjs.org/@types/jest-diff/-/jest-diff-20.0.1.tgz",
      "integrity": "sha512-yALhelO3i0hqZwhjtcr6dYyaLoCHbAMshwtj6cGxTvHZAKXHsYGdff6E8EPw3xLKY0ELUTQ69Q1rQiJENnccMA=="
    },
    "d": {
      "version": "1.0.1",
      "resolved": "https://registry.npmjs.org/d/-/d-1.0.1.tgz",
      "integrity": "sha512-m62ShEObQ39CfralilEQRjH6oAMtNCV1xJyEx5LpRYUVN+EviphDgUc/F3hnYbADmkiNs67Y+3ylmlG7Lnu+FA==",
      "requires": {
        "es5-ext": "^0.10.50",
        "type": "^1.0.1"
      }
    },
    "es5-ext": {
      "version": "0.10.51",
      "resolved": "https://registry.npmjs.org/es5-ext/-/es5-ext-0.10.51.tgz",
      "integrity": "sha512-oRpWzM2WcLHVKpnrcyB7OW8j/s67Ba04JCm0WnNv3RiABSvs7mrQlutB8DBv793gKcp0XENR8Il8WxGTlZ73gQ==",
      "requires": {
        "es6-iterator": "~2.0.3",
        "es6-symbol": "~3.1.1",
        "next-tick": "^1.0.0"
      }
    },
    "es6-iterator": {
      "version": "2.0.3",
      "resolved": "https://registry.npmjs.org/es6-iterator/-/es6-iterator-2.0.3.tgz",
      "integrity": "sha1-p96IkUGgWpSwhUQDstCg+/qY87c=",
      "requires": {
        "d": "1",
        "es5-ext": "^0.10.35",
        "es6-symbol": "^3.1.1"
      }
    },
    "es6-symbol": {
      "version": "3.1.2",
      "resolved": "https://registry.npmjs.org/es6-symbol/-/es6-symbol-3.1.2.tgz",
      "integrity": "sha512-/ZypxQsArlv+KHpGvng52/Iz8by3EQPxhmbuz8yFG89N/caTFBSbcXONDw0aMjy827gQg26XAjP4uXFvnfINmQ==",
      "requires": {
        "d": "^1.0.1",
        "es5-ext": "^0.10.51"
      }
    },
    "moment": {
      "version": "2.24.0",
      "resolved": "https://registry.npmjs.org/moment/-/moment-2.24.0.tgz",
      "integrity": "sha512-bV7f+6l2QigeBBZSM/6yTNq4P2fNpSWj/0e7jQcy87A8e7o2nAfP/34/2ky5Vw4B9S446EtIhodAzkFCcR4dQg==",
      "dev": true
    },
    "moment-range": {
      "version": "4.0.2",
      "resolved": "https://registry.npmjs.org/moment-range/-/moment-range-4.0.2.tgz",
      "integrity": "sha512-n8sceWwSTjmz++nFHzeNEUsYtDqjgXgcOBzsHi+BoXQU2FW+eU92LUaK8gqOiSu5PG57Q9sYj1Fz4LRDj4FtKA==",
      "requires": {
        "es6-symbol": "^3.1.0"
      }
    },
    "next-tick": {
      "version": "1.0.0",
      "resolved": "https://registry.npmjs.org/next-tick/-/next-tick-1.0.0.tgz",
      "integrity": "sha1-yobR/ogoFpsBICCOPchCS524NCw="
    },
    "type": {
      "version": "1.0.3",
      "resolved": "https://registry.npmjs.org/type/-/type-1.0.3.tgz",
      "integrity": "sha512-51IMtNfVcee8+9GJvj0spSuFcZHe9vSib6Xtgsny1Km9ugyz2mbS08I3rsUIRYgJohFRFU1160sgRodYz378Hg=="
    },
    "typescript": {
      "version": "3.6.2",
      "resolved": "https://registry.npmjs.org/typescript/-/typescript-3.6.2.tgz",
      "integrity": "sha512-lmQ4L+J6mnu3xweP8+rOrUwzmN+MRAj7TgtJtDaXE5PMyX2kCrklhg3rvOsOIfNeAWMQWO2F1GPc1kMD2vLAfw==",
      "dev": true
    }
  }
}
